# This file is automatically @generated by Cargo.
# It is not intended for manual editing.
[[package]]
name = "dump-generator"
version = "0.1.0"
dependencies = [
 "json",
]

[[package]]
name = "json"
version = "0.12.3"
source = "registry+https://github.com/rust-lang/crates.io-index"
checksum = "925fce56c7418c3f65cef9e8395f2c29f3daca68df9dc9178bba359d462abb8f"
